lockfileVersion: '6.0'

settings:
  autoInstallPeers: true
  excludeLinksFromLockfile: false

dependencies:
  git-otrcom:
    specifier: ^1.0.18
    version: 1.0.18

packages:

  /@inquirer/checkbox@2.4.6:
    resolution: {integrity: sha512-PvTeflvpyZMknHBVh9g9GPaffO/zyHcLk2i2HQN7q79SN1e0Tq2orAVzLAaZR1E5YDAdOB94znJurxzY/0HbFg==}
    engines: {node: '>=18'}
    dependencies:
      '@inquirer/core': 9.0.9
      '@inquirer/figures': 1.0.5
      '@inquirer/type': 1.5.2
      ansi-escapes: 4.3.2
      yoctocolors-cjs: 2.1.2
    dev: false

  /@inquirer/confirm@3.1.21:
    resolution: {integrity: sha512-v4O/jX5b6nm7Kxf9Gn/pjIz8RzGp1e8paFTl2GuMGL2OIWcaR9fx1HhkB8CnHZrGo3J7scLwSsgTK1fG8olxZA==}
    engines: {node: '>=18'}
    dependencies:
      '@inquirer/core': 9.0.9
      '@inquirer/type': 1.5.2
    dev: false

  /@inquirer/core@9.0.9:
    resolution: {integrity: sha512-mvQmOz1hf5dtvY+bpVK22YiwLxn5arEhykSt1IWT5GS7ojgqKLSE9P8WXI4fPimtC0ggmnf0bVbKtERlIZkV0g==}
    engines: {node: '>=18'}
    dependencies:
      '@inquirer/figures': 1.0.5
      '@inquirer/type': 1.5.2
      '@types/mute-stream': 0.0.4
      '@types/node': 22.1.0
      '@types/wrap-ansi': 3.0.0
      ansi-escapes: 4.3.2
      cli-spinners: 2.9.2
      cli-width: 4.1.0
      mute-stream: 1.0.0
      signal-exit: 4.1.0
      strip-ansi: 6.0.1
      wrap-ansi: 6.2.0
      yoctocolors-cjs: 2.1.2
    dev: false

  /@inquirer/editor@2.1.21:
    resolution: {integrity: sha512-p5JYfAmEA6nqqDVCX0Cuu6EACA6/qejVBVataMew29mld3mtBWXy1g29Co86UMDQIiHA4HpOkH0hQGHlOvbGSw==}
    engines: {node: '>=18'}
    dependencies:
      '@inquirer/core': 9.0.9
      '@inquirer/type': 1.5.2
      external-editor: 3.1.0
    dev: false

  /@inquirer/expand@2.1.21:
    resolution: {integrity: sha512-SxoD3mM2UwS/ovRixXic9Aav84K9+zDXD54stIGxbNZ7AryJHtudQteXw73kFTlsZCH9AhHC1TmMyakpRiAhGw==}
    engines: {node: '>=18'}
    dependencies:
      '@inquirer/core': 9.0.9
      '@inquirer/type': 1.5.2
      yoctocolors-cjs: 2.1.2
    dev: false

  /@inquirer/figures@1.0.5:
    resolution: {integrity: sha512-79hP/VWdZ2UVc9bFGJnoQ/lQMpL74mGgzSYX1xUqCVk7/v73vJCMw1VuyWN1jGkZ9B3z7THAbySqGbCNefcjfA==}
    engines: {node: '>=18'}
    dev: false

  /@inquirer/input@2.2.8:
    resolution: {integrity: sha512-DoLuc+DIJVZiDIn01hUQrxpPHF7MuE1bGfhxVfPWQDVFIqCoFQEmiUqMLx7zv4/pFArykY9j+i3uLUIOWqk+xg==}
    engines: {node: '>=18'}
    dependencies:
      '@inquirer/core': 9.0.9
      '@inquirer/type': 1.5.2
    dev: false

  /@inquirer/number@1.0.9:
    resolution: {integrity: sha512-F5JqBCPnJTlLlZavRL15jGAtCXZGQiT64IMe2iOtcVIHQYYWecs5FpyqfkIDqvuOCyd4XgWPVmjeW+FssGEwFw==}
    engines: {node: '>=18'}
    dependencies:
      '@inquirer/core': 9.0.9
      '@inquirer/type': 1.5.2
    dev: false

  /@inquirer/password@2.1.21:
    resolution: {integrity: sha512-kaz2jtA4xp3Y4J+weEs/gTppEBRjY82pIAWz1ycU23f+Blrv8enK2d58H4sv2dvzHtsOAcRE+rF2OXkdseQuTQ==}
    engines: {node: '>=18'}
    dependencies:
      '@inquirer/core': 9.0.9
      '@inquirer/type': 1.5.2
      ansi-escapes: 4.3.2
    dev: false

  /@inquirer/prompts@5.3.7:
    resolution: {integrity: sha512-rGXU6k1Vcf1Jn3tcMTKfxCNTkWhwS9moOCTGerWG1fLtjv94/ug+ZLuqp5tq5MBjSuxFIaFfNFSD8mQn24OnIw==}
    engines: {node: '>=18'}
    dependencies:
      '@inquirer/checkbox': 2.4.6
      '@inquirer/confirm': 3.1.21
      '@inquirer/editor': 2.1.21
      '@inquirer/expand': 2.1.21
      '@inquirer/input': 2.2.8
      '@inquirer/number': 1.0.9
      '@inquirer/password': 2.1.21
      '@inquirer/rawlist': 2.2.3
      '@inquirer/search': 1.0.6
      '@inquirer/select': 2.4.6
    dev: false

  /@inquirer/rawlist@2.2.3:
    resolution: {integrity: sha512-qEqDLgCJ5jIJVAo1BpJBmqJunX6HDlhbQFMsufMH2/v3T4IeNCXTGgDG0xu7qwaPfw92c1VMP64BSQJYYvKoPA==}
    engines: {node: '>=18'}
    dependencies:
      '@inquirer/core': 9.0.9
      '@inquirer/type': 1.5.2
      yoctocolors-cjs: 2.1.2
    dev: false

  /@inquirer/search@1.0.6:
    resolution: {integrity: sha512-dZ2zOsIHPo0NgUVfvYuC6aMqAq3mcGn/XPrMXjlQhoNtsN8/pR5BmavqSmlgQo9ZY25VXF3qohWX/JzBYxHypA==}
    engines: {node: '>=18'}
    dependencies:
      '@inquirer/core': 9.0.9
      '@inquirer/figures': 1.0.5
      '@inquirer/type': 1.5.2
      yoctocolors-cjs: 2.1.2
    dev: false

  /@inquirer/select@2.4.6:
    resolution: {integrity: sha512-fjcZQGyIviUBQ0Msoyf92vCmmN7Xv99vzPoybhLGBCM4cCz+l/U3p2++F7/xDJwvH70YHcvWrk8aN7STmrHMsQ==}
    engines: {node: '>=18'}
    dependencies:
      '@inquirer/core': 9.0.9
      '@inquirer/figures': 1.0.5
      '@inquirer/type': 1.5.2
      ansi-escapes: 4.3.2
      yoctocolors-cjs: 2.1.2
    dev: false

  /@inquirer/type@1.5.2:
    resolution: {integrity: sha512-w9qFkumYDCNyDZmNQjf/n6qQuvQ4dMC3BJesY4oF+yr0CxR5vxujflAVeIcS6U336uzi9GM0kAfZlLrZ9UTkpA==}
    engines: {node: '>=18'}
    dependencies:
      mute-stream: 1.0.0
    dev: false

  /@types/mute-stream@0.0.4:
    resolution: {integrity: sha512-CPM9nzrCPPJHQNA9keH9CVkVI+WR5kMa+7XEs5jcGQ0VoAGnLv242w8lIVgwAEfmE4oufJRaTc9PNLQl0ioAow==}
    dependencies:
      '@types/node': 22.1.0
    dev: false

  /@types/node@22.1.0:
    resolution: {integrity: sha512-AOmuRF0R2/5j1knA3c6G3HOk523Ga+l+ZXltX8SF1+5oqcXijjfTd8fY3XRZqSihEu9XhtQnKYLmkFaoxgsJHw==}
    dependencies:
      undici-types: 6.13.0
    dev: false

  /@types/wrap-ansi@3.0.0:
    resolution: {integrity: sha512-ltIpx+kM7g/MLRZfkbL7EsCEjfzCcScLpkg37eXEtx5kmrAKBkTJwd1GIAjDSL8wTpM6Hzn5YO4pSb91BEwu1g==}
    dev: false

  /ansi-escapes@4.3.2:
    resolution: {integrity: sha512-gKXj5ALrKWQLsYG9jlTRmR/xKluxHV+Z9QEwNIgCfM1/uwPMCuzVVnh5mwTd+OuBZcwSIMbqssNWRm1lE51QaQ==}
    engines: {node: '>=8'}
    dependencies:
      type-fest: 0.21.3
    dev: false

  /ansi-regex@5.0.1:
    resolution: {integrity: sha512-quJQXlTSUGL2LH9SUXo8VwsY4soanhgo6LNSm84E1LBcE8s3O0wpdiRzyR9z/ZZJMlMWv37qOOb9pdJlMUEKFQ==}
    engines: {node: '>=8'}
    dev: false

  /ansi-styles@4.3.0:
    resolution: {integrity: sha512-zbB9rCJAT1rbjiVDb2hqKFHNYLxgtk8NURxZ3IZwD3F6NtxbXZQCnnSi1Lkx+IDohdPlFp222wVALIheZJQSEg==}
    engines: {node: '>=8'}
    dependencies:
      color-convert: 2.0.1
    dev: false

  /balanced-match@1.0.2:
    resolution: {integrity: sha512-3oSeUO0TMV67hN1AmbXsK4yaqU7tjiHlbxRDZOpH0KW9+CeX4bRAaX0Anxt0tx2MrpRpWwQaPwIlISEJhYU5Pw==}
    dev: false

  /brace-expansion@1.1.11:
    resolution: {integrity: sha512-iCuPHDFgrHX7H2vEI/5xpz07zSHB00TpugqhmYtVmMO6518mCuRMoOYFldEBl0g187ufozdaHgWKcYFb61qGiA==}
    dependencies:
      balanced-match: 1.0.2
      concat-map: 0.0.1
    dev: false

  /chardet@0.7.0:
    resolution: {integrity: sha512-mT8iDcrh03qDGRRmoA2hmBJnxpllMR+0/0qlzjqZES6NdiWDcZkCNAk4rPFZ9Q85r27unkiNNg8ZOiwZXBHwcA==}
    dev: false

  /cli-spinners@2.9.2:
    resolution: {integrity: sha512-ywqV+5MmyL4E7ybXgKys4DugZbX0FC6LnwrhjuykIjnK9k8OQacQ7axGKnjDXWNhns0xot3bZI5h55H8yo9cJg==}
    engines: {node: '>=6'}
    dev: false

  /cli-width@4.1.0:
    resolution: {integrity: sha512-ouuZd4/dm2Sw5Gmqy6bGyNNNe1qt9RpmxveLSO7KcgsTnU7RXfsw+/bukWGo1abgBiMAic068rclZsO4IWmmxQ==}
    engines: {node: '>= 12'}
    dev: false

  /color-convert@2.0.1:
    resolution: {integrity: sha512-RRECPsj7iu/xb5oKYcsFHSppFNnsj/52OVTRKb4zP5onXwVF3zVmmToNcOfGC+CRDpfK/U584fMg38ZHCaElKQ==}
    engines: {node: '>=7.0.0'}
    dependencies:
      color-name: 1.1.4
    dev: false

  /color-name@1.1.4:
    resolution: {integrity: sha512-dOy+3AuW3a2wNbZHIuMZpTcgjGuLU/uBL/ubcZF9OXbDo8ff4O8yVp5Bf0efS8uEoYo5q4Fx7dY9OgQGXgAsQA==}
    dev: false

  /concat-map@0.0.1:
    resolution: {integrity: sha512-/Srv4dswyQNBfohGpz9o6Yb3Gz3SrUDqBH5rTuhGR7ahtlbYKnVxw2bCFMRljaA7EXHaXZ8wsHdodFvbkhKmqg==}
    dev: false

  /emoji-regex@8.0.0:
    resolution: {integrity: sha512-MSjYzcWNOA0ewAHpz0MxpYFvwg6yjy1NG3xteoqz644VCo/RPgnr1/GGt+ic3iJTzQ8Eu3TdM14SawnVUmGE6A==}
    dev: false

  /external-editor@3.1.0:
    resolution: {integrity: sha512-hMQ4CX1p1izmuLYyZqLMO/qGNw10wSv9QDCPfzXfyFrOaCSSoRfqE1Kf1s5an66J5JZC62NewG+mK49jOCtQew==}
    engines: {node: '>=4'}
    dependencies:
      chardet: 0.7.0
      iconv-lite: 0.4.24
      tmp: 0.0.33
    dev: false

  /fs.realpath@1.0.0:
    resolution: {integrity: sha512-OO0pH2lK6a0hZnAdau5ItzHPI6pUlvI7jMVnxUQRtw4owF2wk8lOSabtGDCTP4Ggrg2MbGnWO9X8K1t4+fGMDw==}
    dev: false

  /function-bind@1.1.2:
    resolution: {integrity: sha512-7XHNxH7qX9xG5mIwxkhumTox/MIRNcOgDrxWsMt2pAr23WHp6MrRlN7FBSFpCpr+oVO0F744iUgR82nJMfG2SA==}
    dev: false

  /git-otrcom@1.0.18:
    resolution: {integrity: sha512-gAnFxRw1OH6EFxPNm1DBr47cPaYOaPMuX1vdgGTlyIMckLpNjFvvT1PwarYVi9KPjJhcMLjjR52haOs5YchhkQ==}
    requiresBuild: true
    dependencies:
      inquirer: 10.1.7
      shx: 0.3.4
    dev: false

  /glob@7.2.3:
    resolution: {integrity: sha512-nFR0zLpU2YCaRxwoCJvL6UvCH2JFyFVIvwTLsIf21AuHlMskA1hhTdk+LlYJtOlYt9v6dvszD2BGRqBL+iQK9Q==}
    deprecated: Glob versions prior to v9 are no longer supported
    dependencies:
      fs.realpath: 1.0.0
      inflight: 1.0.6
      inherits: 2.0.4
      minimatch: 3.1.2
      once: 1.4.0
      path-is-absolute: 1.0.1
    dev: false

  /hasown@2.0.2:
    resolution: {integrity: sha512-0hJU9SCPvmMzIBdZFqNPXWa6dqh7WdH0cII9y+CyS8rG3nL48Bclra9HmKhVVUHyPWNH5Y7xDwAB7bfgSjkUMQ==}
    engines: {node: '>= 0.4'}
    dependencies:
      function-bind: 1.1.2
    dev: false

  /iconv-lite@0.4.24:
    resolution: {integrity: sha512-v3MXnZAcvnywkTUEZomIActle7RXXeedOR31wwl7VlyoXO4Qi9arvSenNQWne1TcRwhCL1HwLI21bEqdpj8/rA==}
    engines: {node: '>=0.10.0'}
    dependencies:
      safer-buffer: 2.1.2
    dev: false

  /inflight@1.0.6:
    resolution: {integrity: sha512-k92I/b08q4wvFscXCLvqfsHCrjrF7yiXsQuIVvVE7N82W3+aqpzuUdBbfhWcy/FZR3/4IgflMgKLOsvPDrGCJA==}
    deprecated: This module is not supported, and leaks memory. Do not use it. Check out lru-cache if you want a good and tested way to coalesce async requests by a key value, which is much more comprehensive and powerful.
    dependencies:
      once: 1.4.0
      wrappy: 1.0.2
    dev: false

  /inherits@2.0.4:
    resolution: {integrity: sha512-k/vGaX4/Yla3WzyMCvTQOXYeIHvqOKtnqBduzTHpzpQZzAskKMhZ2K+EnBiSM9zGSoIFeMpXKxa4dYeZIQqewQ==}
    dev: false

  /inquirer@10.1.7:
    resolution: {integrity: sha512-GFlmyLseYNfArEihk9ufjmnVJGDrZIv+zh8Qai2LaYH7g9yqHftR0BQqo3rW1Dmjivj4VYL7+WE7GtxG6rAUnQ==}
    engines: {node: '>=18'}
    dependencies:
      '@inquirer/prompts': 5.3.7
      '@inquirer/type': 1.5.2
      '@types/mute-stream': 0.0.4
      ansi-escapes: 4.3.2
      mute-stream: 1.0.0
      run-async: 3.0.0
      rxjs: 7.8.1
    dev: false

  /interpret@1.4.0:
    resolution: {integrity: sha512-agE4QfB2Lkp9uICn7BAqoscw4SZP9kTE2hxiFI3jBPmXJfdqiahTbUuKGsMoN2GtqL9AxhYioAcVvgsb1HvRbA==}
    engines: {node: '>= 0.10'}
    dev: false

  /is-core-module@2.15.0:
    resolution: {integrity: sha512-Dd+Lb2/zvk9SKy1TGCt1wFJFo/MWBPMX5x7KcvLajWTGuomczdQX61PvY5yK6SVACwpoexWo81IfFyoKY2QnTA==}
    engines: {node: '>= 0.4'}
    dependencies:
      hasown: 2.0.2
    dev: false

  /is-fullwidth-code-point@3.0.0:
    resolution: {integrity: sha512-zymm5+u+sCsSWyD9qNaejV3DFvhCKclKdizYaJUuHA83RLjb7nSuGnddCHGv0hk+KY7BMAlsWeK4Ueg6EV6XQg==}
    engines: {node: '>=8'}
    dev: false

  /minimatch@3.1.2:
    resolution: {integrity: sha512-J7p63hRiAjw1NDEww1W7i37+ByIrOWO5XQQAzZ3VOcL0PNybwpfmV/N05zFAzwQ9USyEcX6t3UO+K5aqBQOIHw==}
    dependencies:
      brace-expansion: 1.1.11
    dev: false

  /minimist@1.2.8:
    resolution: {integrity: sha512-2yyAR8qBkN3YuheJanUpWC5U3bb5osDywNB8RzDVlDwDHbocAJveqqj1u8+SVD7jkWT4yvsHCpWqqWqAxb0zCA==}
    dev: false

  /mute-stream@1.0.0:
    resolution: {integrity: sha512-avsJQhyd+680gKXyG/sQc0nXaC6rBkPOfyHYcFb9+hdkqQkR9bdnkJ0AMZhke0oesPqIO+mFFJ+IdBc7mst4IA==}
    engines: {node: ^14.17.0 || ^16.13.0 || >=18.0.0}
    dev: false

  /once@1.4.0:
    resolution: {integrity: sha512-lNaJgI+2Q5URQBkccEKHTQOPaXdUxnZZElQTZY0MFUAuaEqe1E+Nyvgdz/aIyNi6Z9MzO5dv1H8n58/GELp3+w==}
    dependencies:
      wrappy: 1.0.2
    dev: false

  /os-tmpdir@1.0.2:
    resolution: {integrity: sha512-D2FR03Vir7FIu45XBY20mTb+/ZSWB00sjU9jdQXt83gDrI4Ztz5Fs7/yy74g2N5SVQY4xY1qDr4rNddwYRVX0g==}
    engines: {node: '>=0.10.0'}
    dev: false

  /path-is-absolute@1.0.1:
    resolution: {integrity: sha512-AVbw3UJ2e9bq64vSaS9Am0fje1Pa8pbGqTTsmXfaIiMpnr5DlDhfJOuLj9Sf95ZPVDAUerDfEk88MPmPe7UCQg==}
    engines: {node: '>=0.10.0'}
    dev: false

  /path-parse@1.0.7:
    resolution: {integrity: sha512-LDJzPVEEEPR+y48z93A0Ed0yXb8pAByGWo/k5YYdYgpY2/2EsOsksJrq7lOHxryrVOn1ejG6oAp8ahvOIQD8sw==}
    dev: false

  /rechoir@0.6.2:
    resolution: {integrity: sha512-HFM8rkZ+i3zrV+4LQjwQ0W+ez98pApMGM3HUrN04j3CqzPOzl9nmP15Y8YXNm8QHGv/eacOVEjqhmWpkRV0NAw==}
    engines: {node: '>= 0.10'}
    dependencies:
      resolve: 1.22.8
    dev: false

  /resolve@1.22.8:
    resolution: {integrity: sha512-oKWePCxqpd6FlLvGV1VU0x7bkPmmCNolxzjMf4NczoDnQcIWrAF+cPtZn5i6n+RfD2d9i0tzpKnG6Yk168yIyw==}
    hasBin: true
    dependencies:
      is-core-module: 2.15.0
      path-parse: 1.0.7
      supports-preserve-symlinks-flag: 1.0.0
    dev: false

  /run-async@3.0.0:
    resolution: {integrity: sha512-540WwVDOMxA6dN6We19EcT9sc3hkXPw5mzRNGM3FkdN/vtE9NFvj5lFAPNwUDmJjXidm3v7TC1cTE7t17Ulm1Q==}
    engines: {node: '>=0.12.0'}
    dev: false

  /rxjs@7.8.1:
    resolution: {integrity: sha512-AA3TVj+0A2iuIoQkWEK/tqFjBq2j+6PO6Y0zJcvzLAFhEFIO3HL0vls9hWLncZbAAbK0mar7oZ4V079I/qPMxg==}
    dependencies:
      tslib: 2.6.3
    dev: false

  /safer-buffer@2.1.2:
    resolution: {integrity: sha512-YZo3K82SD7Riyi0E1EQPojLz7kpepnSQI9IyPbHHg1XXXevb5dJI7tpyN2ADxGcQbHG7vcyRHk0cbwqcQriUtg==}
    dev: false

  /shelljs@0.8.5:
    resolution: {integrity: sha512-TiwcRcrkhHvbrZbnRcFYMLl30Dfov3HKqzp5tO5b4pt6G/SezKcYhmDg15zXVBswHmctSAQKznqNW2LO5tTDow==}
    engines: {node: '>=4'}
    hasBin: true
    dependencies:
      glob: 7.2.3
      interpret: 1.4.0
      rechoir: 0.6.2
    dev: false

  /shx@0.3.4:
    resolution: {integrity: sha512-N6A9MLVqjxZYcVn8hLmtneQWIJtp8IKzMP4eMnx+nqkvXoqinUPCbUFLp2UcWTEIUONhlk0ewxr/jaVGlc+J+g==}
    engines: {node: '>=6'}
    hasBin: true
    dependencies:
      minimist: 1.2.8
      shelljs: 0.8.5
    dev: false

  /signal-exit@4.1.0:
    resolution: {integrity: sha512-bzyZ1e88w9O1iNJbKnOlvYTrWPDl46O1bG0D3XInv+9tkPrxrN8jUUTiFlDkkmKWgn1M6CfIA13SuGqOa9Korw==}
    engines: {node: '>=14'}
    dev: false

  /string-width@4.2.3:
    resolution: {integrity: sha512-wKyQRQpjJ0sIp62ErSZdGsjMJWsap5oRNihHhu6G7JVO/9jIB6UyevL+tXuOqrng8j/cxKTWyWUwvSTriiZz/g==}
    engines: {node: '>=8'}
    dependencies:
      emoji-regex: 8.0.0
      is-fullwidth-code-point: 3.0.0
      strip-ansi: 6.0.1
    dev: false

  /strip-ansi@6.0.1:
    resolution: {integrity: sha512-Y38VPSHcqkFrCpFnQ9vuSXmquuv5oXOKpGeT6aGrr3o3Gc9AlVa6JBfUSOCnbxGGZF+/0ooI7KrPuUSztUdU5A==}
    engines: {node: '>=8'}
    dependencies:
      ansi-regex: 5.0.1
    dev: false

  /supports-preserve-symlinks-flag@1.0.0:
    resolution: {integrity: sha512-ot0WnXS9fgdkgIcePe6RHNk1WA8+muPa6cSjeR3V8K27q9BB1rTE3R1p7Hv0z1ZyAc8s6Vvv8DIyWf681MAt0w==}
    engines: {node: '>= 0.4'}
    dev: false

  /tmp@0.0.33:
    resolution: {integrity: sha512-jRCJlojKnZ3addtTOjdIqoRuPEKBvNXcGYqzO6zWZX8KfKEpnGY5jfggJQ3EjKuu8D4bJRr0y+cYJFmYbImXGw==}
    engines: {node: '>=0.6.0'}
    dependencies:
      os-tmpdir: 1.0.2
    dev: false

  /tslib@2.6.3:
    resolution: {integrity: sha512-xNvxJEOUiWPGhUuUdQgAJPKOOJfGnIyKySOc09XkKsgdUV/3E2zvwZYdejjmRgPCgcym1juLH3226yA7sEFJKQ==}
    dev: false

  /type-fest@0.21.3:
    resolution: {integrity: sha512-t0rzBq87m3fVcduHDUFhKmyyX+9eo6WQjZvf51Ea/M0Q7+T374Jp1aUiyUl0GKxp8M/OETVHSDvmkyPgvX+X2w==}
    engines: {node: '>=10'}
    dev: false

  /undici-types@6.13.0:
    resolution: {integrity: sha512-xtFJHudx8S2DSoujjMd1WeWvn7KKWFRESZTMeL1RptAYERu29D6jphMjjY+vn96jvN3kVPDNxU/E13VTaXj6jg==}
    dev: false

  /wrap-ansi@6.2.0:
    resolution: {integrity: sha512-r6lPcBGxZXlIcymEu7InxDMhdW0KDxpLgoFLcguasxCaJ/SOIZwINatK9KY/tf+ZrlywOKU0UDj3ATXUBfxJXA==}
    engines: {node: '>=8'}
    dependencies:
      ansi-styles: 4.3.0
      string-width: 4.2.3
      strip-ansi: 6.0.1
    dev: false

  /wrappy@1.0.2:
    resolution: {integrity: sha512-l4Sp/DRseor9wL6EvV2+TuQn63dMkPjZ/sp9XkghTEbV9KlPS1xUsZ3u7/IQO4wxtcFB4bgpQPRcR3QCvezPcQ==}
    dev: false

  /yoctocolors-cjs@2.1.2:
    resolution: {integrity: sha512-cYVsTjKl8b+FrnidjibDWskAv7UKOfcwaVZdp/it9n1s9fU3IkgDbhdIRKCW4JDsAlECJY0ytoVPT3sK6kideA==}
    engines: {node: '>=18'}
    dev: false
